// !$*UTF8*$!
{
	archiveVersion = 1;
	classes = {
	};
	objectVersion = 46;
	objects = {

/* Begin PBXBuildFile section */
		CFF071831C0FE2440064D6E8 /* main.m in Sources */ = {isa = PBXBuildFile; fileRef = CFF071821C0FE2440064D6E8 /* main.m */; };
		CFF071861C0FE2440064D6E8 /* AppDelegate.m in Sources */ = {isa = PBXBuildFile; fileRef = CFF071851C0FE2440064D6E8 /* AppDelegate.m */; };
		CFF071891C0FE2440064D6E8 /* ViewController.m in Sources */ = {isa = PBXBuildFile; fileRef = CFF071881C0FE2440064D6E8 /* ViewController.m */; };
		CFF0718C1C0FE2440064D6E8 /* Main.storyboard in Resources */ = {isa = PBXBuildFile; fileRef = CFF0718A1C0FE2440064D6E8 /* Main.storyboard */; };
		CFF0718E1C0FE2440064D6E8 /* Assets.xcassets in Resources */ = {isa = PBXBuildFile; fileRef = CFF0718D1C0FE2440064D6E8 /* Assets.xcassets */; };
		CFF071911C0FE2440064D6E8 /* LaunchScreen.storyboard in Resources */ = {isa = PBXBuildFile; fileRef = CFF0718F1C0FE2440064D6E8 /* LaunchScreen.storyboard */; };
		CFF0719C1C0FE2440064D6E8 /* cartoonTests.m in Sources */ = {isa = PBXBuildFile; fileRef = CFF0719B1C0FE2440064D6E8 /* cartoonTests.m */; };
		CFF071A71C0FE2440064D6E8 /* cartoonUITests.m in Sources */ = {isa = PBXBuildFile; fileRef = CFF071A61C0FE2440064D6E8 /* cartoonUITests.m */; };
		CFF071B61C0FE31B0064D6E8 /* cartooonViewController.m in Sources */ = {isa = PBXBuildFile; fileRef = CFF071B51C0FE31B0064D6E8 /* cartooonViewController.m */; };
/* End PBXBuildFile section */

/* Begin PBXContainerItemProxy section */
		CFF071981C0FE2440064D6E8 /* PBXContainerItemProxy */ = {
			isa = PBXContainerItemProxy;
			containerPortal = CFF071761C0FE2440064D6E8 /* Project object */;
			proxyType = 1;
			remoteGlobalIDString = CFF0717D1C0FE2440064D6E8;
			remoteInfo = cartoon;
		};
		CFF071A31C0FE2440064D6E8 /* PBXContainerItemProxy */ = {
			isa = PBXContainerItemProxy;
			containerPortal = CFF071761C0FE2440064D6E8 /* Project object */;
			proxyType = 1;
			remoteGlobalIDString = CFF0717D1C0FE2440064D6E8;
			remoteInfo = cartoon;
		};
/* End PBXContainerItemProxy section */

/* Begin PBXFileReference section */
		CFF0717E1C0FE2440064D6E8 /* cartoon.app */ = {isa = PBXFileReference; explicitFileType = wrapper.application; includeInIndex = 0; path = cartoon.app; sourceTree = BUILT_PRODUCTS_DIR; };
		CFF071821C0FE2440064D6E8 /* main.m */ = {isa = PBXFileReference; lastKnownFileType = sourcecode.c.objc; path = main.m; sourceTree = "<group>"; };
		CFF071841C0FE2440064D6E8 /* AppDelegate.h */ = {isa = PBXFileReference; lastKnownFileType = sourcecode.c.h; path = AppDelegate.h; sourceTree = "<group>"; };
		CFF071851C0FE2440064D6E8 /* AppDelegate.m */ = {isa = PBXFileReference; lastKnownFileType = sourcecode.c.objc; path = AppDelegate.m; sourceTree = "<group>"; };
		CFF071871C0FE2440064D6E8 /* ViewController.h */ = {isa = PBXFileReference; lastKnownFileType = sourcecode.c.h; path = ViewController.h; sourceTree = "<group>"; };
		CFF071881C0FE2440064D6E8 /* ViewController.m */ = {isa = PBXFileReference; lastKnownFileType = sourcecode.c.objc; path = ViewController.m; sourceTree = "<group>"; };
		CFF0718B1C0FE2440064D6E8 /* Base */ = {isa = PBXFileReference; lastKnownFileType = file.storyboard; name = Base; path = Base.lproj/Main.storyboard; sourceTree = "<group>"; };
		CFF0718D1C0FE2440064D6E8 /* Assets.xcassets */ = {isa = PBXFileReference; lastKnownFileType = folder.assetcatalog; path = Assets.xcassets; sourceTree = "<group>"; };
		CFF071901C0FE2440064D6E8 /* Base */ = {isa = PBXFileReference; lastKnownFileType = file.storyboard; name = Base; path = Base.lproj/LaunchScreen.storyboard; sourceTree = "<group>"; };
		CFF071921C0FE2440064D6E8 /* Info.plist */ = {isa = PBXFileReference; lastKnownFileType = text.plist.xml; path = Info.plist; sourceTree = "<group>"; };
		CFF071971C0FE2440064D6E8 /* cartoonTests.xctest */ = {isa = PBXFileReference; explicitFileType = wrapper.cfbundle; includeInIndex = 0; path = cartoonTests.xctest; sourceTree = BUILT_PRODUCTS_DIR; };
		CFF0719B1C0FE2440064D6E8 /* cartoonTests.m */ = {isa = PBXFileReference; lastKnownFileType = sourcecode.c.objc; path = cartoonTests.m; sourceTree = "<group>"; };
		CFF0719D1C0FE2440064D6E8 /* Info.plist */ = {isa = PBXFileReference; lastKnownFileType = text.plist.xml; path = Info.plist; sourceTree = "<group>"; };
		CFF071A21C0FE2440064D6E8 /* cartoonUITests.xctest */ = {isa = PBXFileReference; explicitFileType = wrapper.cfbundle; includeInIndex = 0; path = cartoonUITests.xctest; sourceTree = BUILT_PRODUCTS_DIR; };
		CFF071A61C0FE2440064D6E8 /* cartoonUITests.m */ = {isa = PBXFileReference; lastKnownFileType = sourcecode.c.objc; path = cartoonUITests.m; sourceTree = "<group>"; };
		CFF071A81C0FE2440064D6E8 /* Info.plist */ = {isa = PBXFileReference; lastKnownFileType = text.plist.xml; path = Info.plist; sourceTree = "<group>"; };
		CFF071B41C0FE31B0064D6E8 /* cartooonViewController.h */ = {isa = PBXFileReference; fileEncoding = 4; lastKnownFileType = sourcecode.c.h; path = cartooonViewController.h; sourceTree = "<group>"; };
		CFF071B51C0FE31B0064D6E8 /* cartooonViewController.m */ = {isa = PBXFileReference; fileEncoding = 4; lastKnownFileType = sourcecode.c.objc; path = cartooonViewController.m; sourceTree = "<group>"; };
/* End PBXFileReference section */

/* Begin PBXFrameworksBuildPhase section */
		CFF0717B1C0FE2440064D6E8 /* Frameworks */ = {
			isa = PBXFrameworksBuildPhase;
			buildActionMask = 2147483647;
			files = (
			);
			runOnlyForDeploymentPostprocessing = 0;
		};
		CFF071941C0FE2440064D6E8 /* Frameworks */ = {
			isa = PBXFrameworksBuildPhase;
			buildActionMask = 2147483647;
			files = (
			);
			runOnlyForDeploymentPostprocessing = 0;
		};
		CFF0719F1C0FE2440064D6E8 /* Frameworks */ = {
			isa = PBXFrameworksBuildPhase;
			buildActionMask = 2147483647;
			files = (
			);
			runOnlyForDeploymentPostprocessing = 0;
		};
/* End PBXFrameworksBuildPhase section */

/* Begin PBXGroup section */
		CFF071751C0FE2440064D6E8 = {
			isa = PBXGroup;
			children = (
				CFF071801C0FE2440064D6E8 /* cartoon */,
				CFF0719A1C0FE2440064D6E8 /* cartoonTests */,
				CFF071A51C0FE2440064D6E8 /* cartoonUITests */,
				CFF0717F1C0FE2440064D6E8 /* Products */,
			);
			sourceTree = "<group>";
		};
		CFF0717F1C0FE2440064D6E8 /* Products */ = {
			isa = PBXGroup;
			children = (
				CFF0717E1C0FE2440064D6E8 /* cartoon.app */,
				CFF071971C0FE2440064D6E8 /* cartoonTests.xctest */,
				CFF071A21C0FE2440064D6E8 /* cartoonUITests.xctest */,
			);
			name = Products;
			sourceTree = "<group>";
		};
		CFF071801C0FE2440064D6E8 /* cartoon */ = {
			isa = PBXGroup;
			children = (
				CFF071841C0FE2440064D6E8 /* AppDelegate.h */,
				CFF071851C0FE2440064D6E8 /* AppDelegate.m */,
				CFF071871C0FE2440064D6E8 /* ViewController.h */,
				CFF071881C0FE2440064D6E8 /* ViewController.m */,
				CFF071B41C0FE31B0064D6E8 /* cartooonViewController.h */,
				CFF071B51C0FE31B0064D6E8 /* cartooonViewController.m */,
				CFF0718A1C0FE2440064D6E8 /* Main.storyboard */,
				CFF0718D1C0FE2440064D6E8 /* Assets.xcassets */,
				CFF0718F1C0FE2440064D6E8 /* LaunchScreen.storyboard */,
				CFF071921C0FE2440064D6E8 /* Info.plist */,
				CFF071811C0FE2440064D6E8 /* Supporting Files */,
			);
			path = cartoon;
			sourceTree = "<group>";
		};
		CFF071811C0FE2440064D6E8 /* Supporting Files */ = {
			isa = PBXGroup;
			children = (
				CFF071821C0FE2440064D6E8 /* main.m */,
			);
			name = "Supporting Files";
			sourceTree = "<group>";
		};
		CFF0719A1C0FE2440064D6E8 /* cartoonTests */ = {
			isa = PBXGroup;
			children = (
				CFF0719B1C0FE2440064D6E8 /* cartoonTests.m */,
				CFF0719D1C0FE2440064D6E8 /* Info.plist */,
			);
			path = cartoonTests;
			sourceTree = "<group>";
		};
		CFF071A51C0FE2440064D6E8 /* cartoonUITests */ = {
			isa = PBXGroup;
			children = (
				CFF071A61C0FE2440064D6E8 /* cartoonUITests.m */,
				CFF071A81C0FE2440064D6E8 /* Info.plist */,
			);
			path = cartoonUITests;
			sourceTree = "<group>";
		};
/* End PBXGroup section */

/* Begin PBXNativeTarget section */
		CFF0717D1C0FE2440064D6E8 /* cartoon */ = {
			isa = PBXNativeTarget;
			buildConfigurationList = CFF071AB1C0FE2440064D6E8 /* Build configuration list for PBXNativeTarget "cartoon" */;
			buildPhases = (
				CFF0717A1C0FE2440064D6E8 /* Sources */,
				CFF0717B1C0FE2440064D6E8 /* Frameworks */,
				CFF0717C1C0FE2440064D6E8 /* Resources */,
			);
			buildRules = (
			);
			dependencies = (
			);
			name = cartoon;
			productName = cartoon;
			productReference = CFF0717E1C0FE2440064D6E8 /* cartoon.app */;
			productType = "com.apple.product-type.application";
		};
		CFF071961C0FE2440064D6E8 /* cartoonTests */ = {
			isa = PBXNativeTarget;
			buildConfigurationList = CFF071AE1C0FE2440064D6E8 /* Build configuration list for PBXNativeTarget "cartoonTests" */;
			buildPhases = (
				CFF071931C0FE2440064D6E8 /* Sources */,
				CFF071941C0FE2440064D6E8 /* Frameworks */,
				CFF071951C0FE2440064D6E8 /* Resources */,
			);
			buildRules = (
			);
			dependencies = (
				CFF071991C0FE2440064D6E8 /* PBXTargetDependency */,
			);
			name = cartoonTests;
			productName = cartoonTests;
			productReference = CFF071971C0FE2440064D6E8 /* cartoonTests.xctest */;
			productType = "com.apple.product-type.bundle.unit-test";
		};
		CFF071A11C0FE2440064D6E8 /* cartoonUITests */ = {
			isa = PBXNativeTarget;
			buildConfigurationList = CFF071B11C0FE2440064D6E8 /* Build configuration list for PBXNativeTarget "cartoonUITests" */;
			buildPhases = (
				CFF0719E1C0FE2440064D6E8 /* Sources */,
				CFF0719F1C0FE2440064D6E8 /* Frameworks */,
				CFF071A01C0FE2440064D6E8 /* Resources */,
			);
			buildRules = (
			);
			dependencies = (
				CFF071A41C0FE2440064D6E8 /* PBXTargetDependency */,
			);
			name = cartoonUITests;
			productName = cartoonUITests;
			productReference = CFF071A21C0FE2440064D6E8 /* cartoonUITests.xctest */;
			productType = "com.apple.product-type.bundle.ui-testing";
		};
/* End PBXNativeTarget section */

/* Begin PBXProject section */
		CFF071761C0FE2440064D6E8 /* Project object */ = {
			isa = PBXProject;
			attributes = {
				LastUpgradeCheck = 0710;
				ORGANIZATIONNAME = tton;
				TargetAttributes = {
					CFF0717D1C0FE2440064D6E8 = {
						CreatedOnToolsVersion = 7.1.1;
						DevelopmentTeam = 6538FF4NRQ;
						ProvisioningStyle = Manual;
					};
					CFF071961C0FE2440064D6E8 = {
						CreatedOnToolsVersion = 7.1.1;
						TestTargetID = CFF0717D1C0FE2440064D6E8;
					};
					CFF071A11C0FE2440064D6E8 = {
						CreatedOnToolsVersion = 7.1.1;
						TestTargetID = CFF0717D1C0FE2440064D6E8;
					};
				};
			};
			buildConfigurationList = CFF071791C0FE2440064D6E8 /* Build configuration list for PBXProject "cartoon" */;
			compatibilityVersion = "Xcode 3.2";
			developmentRegion = English;
			hasScannedForEncodings = 0;
			knownRegions = (
				en,
				Base,
			);
			mainGroup = CFF071751C0FE2440064D6E8;
			productRefGroup = CFF0717F1C0FE2440064D6E8 /* Products */;
			projectDirPath = "";
			projectRoot = "";
			targets = (
				CFF0717D1C0FE2440064D6E8 /* cartoon */,
				CFF071961C0FE2440064D6E8 /* cartoonTests */,
				CFF071A11C0FE2440064D6E8 /* cartoonUITests */,
			);
		};
/* End PBXProject section */

/* Begin PBXResourcesBuildPhase section */
		CFF0717C1C0FE2440064D6E8 /* Resources */ = {
			isa = PBXResourcesBuildPhase;
			buildActionMask = 2147483647;
			files = (
				CFF071911C0FE2440064D6E8 /* LaunchScreen.storyboard in Resources */,
				CFF0718E1C0FE2440064D6E8 /* Assets.xcassets in Resources */,
				CFF0718C1C0FE2440064D6E8 /* Main.storyboard in Resources */,
			);
			runOnlyForDeploymentPostprocessing = 0;
		};
		CFF071951C0FE2440064D6E8 /* Resources */ = {
			isa = PBXResourcesBuildPhase;
			buildActionMask = 2147483647;
			files = (
			);
			runOnlyForDeploymentPostprocessing = 0;
		};
		CFF071A01C0FE2440064D6E8 /* Resources */ = {
			isa = PBXResourcesBuildPhase;
			buildActionMask = 2147483647;
			files = (
			);
			runOnlyForDeploymentPostprocessing = 0;
		};
/* End PBXResourcesBuildPhase section */

/* Begin PBXSourcesBuildPhase section */
		CFF0717A1C0FE2440064D6E8 /* Sources */ = {
			isa = PBXSourcesBuildPhase;
			buildActionMask = 2147483647;
			files = (
				CFF071891C0FE2440064D6E8 /* ViewController.m in Sources */,
				CFF071861C0FE2440064D6E8 /* AppDelegate.m in Sources */,
				CFF071831C0FE2440064D6E8 /* main.m in Sources */,
				CFF071B61C0FE31B0064D6E8 /* cartooonViewController.m in Sources */,
			);
			runOnlyForDeploymentPostprocessing = 0;
		};
		CFF071931C0FE2440064D6E8 /* Sources */ = {
			isa = PBXSourcesBuildPhase;
			buildActionMask = 2147483647;
			files = (
				CFF0719C1C0FE2440064D6E8 /* cartoonTests.m in Sources */,
			);
			runOnlyForDeploymentPostprocessing = 0;
		};
		CFF0719E1C0FE2440064D6E8 /* Sources */ = {
			isa = PBXSourcesBuildPhase;
			buildActionMask = 2147483647;
			files = (
				CFF071A71C0FE2440064D6E8 /* cartoonUITests.m in Sources */,
			);
			runOnlyForDeploymentPostprocessing = 0;
		};
/* End PBXSourcesBuildPhase section */

/* Begin PBXTargetDependency section */
		CFF071991C0FE2440064D6E8 /* PBXTargetDependency */ = {
			isa = PBXTargetDependency;
			target = CFF0717D1C0FE2440064D6E8 /* cartoon */;
			targetProxy = CFF071981C0FE2440064D6E8 /* PBXContainerItemProxy */;
		};
		CFF071A41C0FE2440064D6E8 /* PBXTargetDependency */ = {
			isa = PBXTargetDependency;
			target = CFF0717D1C0FE2440064D6E8 /* cartoon */;
			targetProxy = CFF071A31C0FE2440064D6E8 /* PBXContainerItemProxy */;
		};
/* End PBXTargetDependency section */

/* Begin PBXVariantGroup section */
		CFF0718A1C0FE2440064D6E8 /* Main.storyboard */ = {
			isa = PBXVariantGroup;
			children = (
				CFF0718B1C0FE2440064D6E8 /* Base */,
			);
			name = Main.storyboard;
			sourceTree = "<group>";
		};
		CFF0718F1C0FE2440064D6E8 /* LaunchScreen.storyboard */ = {
			isa = PBXVariantGroup;
			children = (
				CFF071901C0FE2440064D6E8 /* Base */,
			);
			name = LaunchScreen.storyboard;
			sourceTree = "<group>";
		};
/* End PBXVariantGroup section */

/* Begin XCBuildConfiguration section */
		CFF071A91C0FE2440064D6E8 /* Debug */ = {
			isa = XCBuildConfiguration;
			buildSettings = {
				ALWAYS_SEARCH_USER_PATHS = NO;
				CLANG_CXX_LANGUAGE_STANDARD = "gnu++0x";
				CLANG_CXX_LIBRARY = "libc++";
				CLANG_ENABLE_MODULES = YES;
				CLANG_ENABLE_OBJC_ARC = YES;
				CLANG_WARN_BOOL_CONVERSION = YES;
				CLANG_WARN_CONSTANT_CONVERSION = YES;
				CLANG_WARN_DIRECT_OBJC_ISA_USAGE = YES_ERROR;
				CLANG_WARN_EMPTY_BODY = YES;
				CLANG_WARN_ENUM_CONVERSION = YES;
				CLANG_WARN_INT_CONVERSION = YES;
				CLANG_WARN_OBJC_ROOT_CLASS = YES_ERROR;
				CLANG_WARN_UNREACHABLE_CODE = YES;
				CLANG_WARN__DUPLICATE_METHOD_MATCH = YES;
				"CODE_SIGN_IDENTITY[sdk=iphoneos*]" = "iPhone Developer";
				COPY_PHASE_STRIP = NO;
				DEBUG_INFORMATION_FORMAT = dwarf;
				ENABLE_STRICT_OBJC_MSGSEND = YES;
				ENABLE_TESTABILITY = YES;
				GCC_C_LANGUAGE_STANDARD = gnu99;
				GCC_DYNAMIC_NO_PIC = NO;
				GCC_NO_COMMON_BLOCKS = YES;
				GCC_OPTIMIZATION_LEVEL = 0;
				GCC_PREPROCESSOR_DEFINITIONS = (
					"DEBUG=1",
					"$(inherited)",
				);
				GCC_WARN_64_TO_32_BIT_CONVERSION = YES;
				GCC_WARN_ABOUT_RETURN_TYPE = YES_ERROR;
				GCC_WARN_UNDECLARED_SELECTOR = YES;
				GCC_WARN_UNINITIALIZED_AUTOS = YES_AGGRESSIVE;
				GCC_WARN_UNUSED_FUNCTION = YES;
				GCC_WARN_UNUSED_VARIABLE = YES;
				IPHONEOS_DEPLOYMENT_TARGET = 9.1;
				MTL_ENABLE_DEBUG_INFO = YES;
				ONLY_ACTIVE_ARCH = YES;
				SDKROOT = iphoneos;
			};
			name = Debug;
		};
		CFF071AA1C0FE2440064D6E8 /* Release */ = {
			isa = XCBuildConfiguration;
			buildSettings = {
				ALWAYS_SEARCH_USER_PATHS = NO;
				CLANG_CXX_LANGUAGE_STANDARD = "gnu++0x";
				CLANG_CXX_LIBRARY = "libc++";
				CLANG_ENABLE_MODULES = YES;
				CLANG_ENABLE_OBJC_ARC = YES;
				CLANG_WARN_BOOL_CONVERSION = YES;
				CLANG_WARN_CONSTANT_CONVERSION = YES;
				CLANG_WARN_DIRECT_OBJC_ISA_USAGE = YES_ERROR;
				CLANG_WARN_EMPTY_BODY = YES;
				CLANG_WARN_ENUM_CONVERSION = YES;
				CLANG_WARN_INT_CONVERSION = YES;
				CLANG_WARN_OBJC_ROOT_CLASS = YES_ERROR;
				CLANG_WARN_UNREACHABLE_CODE = YES;
				CLANG_WARN__DUPLICATE_METHOD_MATCH = YES;
				"CODE_SIGN_IDENTITY[sdk=iphoneos*]" = "iPhone Developer";
				COPY_PHASE_STRIP = NO;
				DEBUG_INFORMATION_FORMAT = "dwarf-with-dsym";
				ENABLE_NS_ASSERTIONS = NO;
				ENABLE_STRICT_OBJC_MSGSEND = YES;
				GCC_C_LANGUAGE_STANDARD = gnu99;
				GCC_NO_COMMON_BLOCKS = YES;
				GCC_WARN_64_TO_32_BIT_CONVERSION = YES;
				GCC_WARN_ABOUT_RETURN_TYPE = YES_ERROR;
				GCC_WARN_UNDECLARED_SELECTOR = YES;
				GCC_WARN_UNINITIALIZED_AUTOS = YES_AGGRESSIVE;
				GCC_WARN_UNUSED_FUNCTION = YES;
				GCC_WARN_UNUSED_VARIABLE = YES;
				IPHONEOS_DEPLOYMENT_TARGET = 9.1;
				MTL_ENABLE_DEBUG_INFO = NO;
				SDKROOT = iphoneos;
				VALIDATE_PRODUCT = YES;
			};
			name = Release;
		};
		CFF071AC1C0FE2440064D6E8 /* Debug */ = {
			isa = XCBuildConfiguration;
			buildSettings = {
				ASSETCATALOG_COMPILER_APPICON_NAME = AppIcon;
				"CODE_SIGN_IDENTITY[sdk=iphoneos*]" = "iPhone Developer";
				DEVELOPMENT_TEAM = 6538FF4NRQ;
				INFOPLIST_FILE = cartoon/Info.plist;
				LD_RUNPATH_SEARCH_PATHS = "$(inherited) @executable_path/Frameworks";
				PRODUCT_BUNDLE_IDENTIFIER = com.zdy.cartoon;
				PRODUCT_NAME = "$(TARGET_NAME)";
				PROVISIONING_PROFILE = "b87160f7-cea5-4739-9724-c9000c2f8a83";
				PROVISIONING_PROFILE_SPECIFIER = CartoonPro;
			};
			name = Debug;
		};
		CFF071AD1C0FE2440064D6E8 /* Release */ = {
			isa = XCBuildConfiguration;
			buildSettings = {
				ASSETCATALOG_COMPILER_APPICON_NAME = AppIcon;
				"CODE_SIGN_IDENTITY[sdk=iphoneos*]" = "iPhone Distribution";
				DEVELOPMENT_TEAM = 6538FF4NRQ;
				INFOPLIST_FILE = cartoon/Info.plist;
				LD_RUNPATH_SEARCH_PATHS = "$(inherited) @executable_path/Frameworks";
				PRODUCT_BUNDLE_IDENTIFIER = com.zdy.cartoon;
				PRODUCT_NAME = "$(TARGET_NAME)";
				PROVISIONING_PROFILE = "ffa81b92-e718-4ed8-a99a-8f045f38c0ca";
				PROVISIONING_PROFILE_SPECIFIER = CarnoonProPro;
			};
			name = Release;
		};
		CFF071AF1C0FE2440064D6E8 /* Debug */ = {
			isa = XCBuildConfiguration;
			buildSettings = {
				BUNDLE_LOADER = "$(TEST_HOST)";
				INFOPLIST_FILE = cartoonTests/Info.plist;
				LD_RUNPATH_SEARCH_PATHS = "$(inherited) @executable_path/Frameworks @loader_path/Frameworks";
				PRODUCT_BUNDLE_IDENTIFIER = zdy.cartoonTests;
				PRODUCT_NAME = "$(TARGET_NAME)";
				TEST_HOST = "$(BUILT_PRODUCTS_DIR)/cartoon.app/cartoon";
			};
			name = Debug;
		};
		CFF071B01C0FE2440064D6E8 /* Release */ = {
			isa = XCBuildConfiguration;
			buildSettings = {
				BUNDLE_LOADER = "$(TEST_HOST)";
				INFOPLIST_FILE = cartoonTests/Info.plist;
				LD_RUNPATH_SEARCH_PATHS = "$(inherited) @executable_path/Frameworks @loader_path/Frameworks";
				PRODUCT_BUNDLE_IDENTIFIER = zdy.cartoonTests;
				PRODUCT_NAME = "$(TARGET_NAME)";
				TEST_HOST = "$(BUILT_PRODUCTS_DIR)/cartoon.app/cartoon";
			};
			name = Release;
		};
		CFF071B21C0FE2440064D6E8 /* Debug */ = {
			isa = XCBuildConfiguration;
			buildSettings = {
				INFOPLIST_FILE = cartoonUITests/Info.plist;
				LD_RUNPATH_SEARCH_PATHS = "$(inherited) @executable_path/Frameworks @loader_path/Frameworks";
				PRODUCT_BUNDLE_IDENTIFIER = zdy.cartoonUITests;
				PRODUCT_NAME = "$(TARGET_NAME)";
				TEST_TARGET_NAME = cartoon;
				USES_XCTRUNNER = YES;
			};
			name = Debug;
		};
		CFF071B31C0FE2440064D6E8 /* Release */ = {
			isa = XCBuildConfiguration;
			buildSettings = {
				INFOPLIST_FILE = cartoonUITests/Info.plist;
				LD_RUNPATH_SEARCH_PATHS = "$(inherited) @executable_path/Frameworks @loader_path/Frameworks";
				PRODUCT_BUNDLE_IDENTIFIER = zdy.cartoonUITests;
				PRODUCT_NAME = "$(TARGET_NAME)";
				TEST_TARGET_NAME = cartoon;
				USES_XCTRUNNER = YES;
			};
			name = Release;
		};
/* End XCBuildConfiguration section */

/* Begin XCConfigurationList section */
		CFF071791C0FE2440064D6E8 /* Build configuration list for PBXProject "cartoon" */ = {
			isa = XCConfigurationList;
			buildConfigurations = (
				CFF071A91C0FE2440064D6E8 /* Debug */,
				CFF071AA1C0FE2440064D6E8 /* Release */,
			);
			defaultConfigurationIsVisible = 0;
			defaultConfigurationName = Release;
		};
		CFF071AB1C0FE2440064D6E8 /* Build configuration list for PBXNativeTarget "cartoon" */ = {
			isa = XCConfigurationList;
			buildConfigurations = (
				CFF071AC1C0FE2440064D6E8 /* Debug */,
				CFF071AD1C0FE2440064D6E8 /* Release */,
			);
			defaultConfigurationIsVisible = 0;
			defaultConfigurationName = Release;
		};
		CFF071AE1C0FE2440064D6E8 /* Build configuration list for PBXNativeTarget "cartoonTests" */ = {
			isa = XCConfigurationList;
			buildConfigurations = (
				CFF071AF1C0FE2440064D6E8 /* Debug */,
				CFF071B01C0FE2440064D6E8 /* Release */,
			);
			defaultConfigurationIsVisible = 0;
			defaultConfigurationName = Release;
		};
		CFF071B11C0FE2440064D6E8 /* Build configuration list for PBXNativeTarget "cartoonUITests" */ = {
			isa = XCConfigurationList;
			buildConfigurations = (
				CFF071B21C0FE2440064D6E8 /* Debug */,
				CFF071B31C0FE2440064D6E8 /* Release */,
			);
			defaultConfigurationIsVisible = 0;
			defaultConfigurationName = Release;
		};
/* End XCConfigurationList section */
	};
	rootObject = CFF071761C0FE2440064D6E8 /* Project object */;
}
